
Microsoft Visual Studio Solution File, Format Version 12.00
# Visual Studio Version 17
VisualStudioVersion = 17.11.35327.3
MinimumVisualStudioVersion = 10.0.40219.1
Project("{9A19103F-16F7-4668-BE54-9A1E7A4F7556}") = "Todo_Backend", "Todo Backend\Todo_Backend.csproj", "{832347D7-060D-4AF5-97C2-AA4DCE5E51EE}"
EndProject
Project("{9A19103F-16F7-4668-BE54-9A1E7A4F7556}") = "TodoBackend.Tests", "TodoBackend.Tests\TodoBackend.Tests.csproj", "{1AA631D0-2B1A-4DD1-95FB-C059312BA50D}"
EndProject
Global
	GlobalSection(SolutionConfigurationPlatforms) = preSolution
		Debug|Any CPU = Debug|Any CPU
		Release|Any CPU = Release|Any CPU
	EndGlobalSection
	GlobalSection(ProjectConfigurationPlatforms) = postSolution
		{832347D7-060D-4AF5-97C2-AA4DCE5E51EE}.Debug|Any CPU.ActiveCfg = Debug|Any CPU
		{832347D7-060D-4AF5-97C2-AA4DCE5E51EE}.Debug|Any CPU.Build.0 = Debug|Any CPU
		{832347D7-060D-4AF5-97C2-AA4DCE5E51EE}.Release|Any CPU.ActiveCfg = Release|Any CPU
		{832347D7-060D-4AF5-97C2-AA4DCE5E51EE}.Release|Any CPU.Build.0 = Release|Any CPU
		{1AA631D0-2B1A-4DD1-95FB-C059312BA50D}.Debug|Any CPU.ActiveCfg = Debug|Any CPU
		{1AA631D0-2B1A-4DD1-95FB-C059312BA50D}.Debug|Any CPU.Build.0 = Debug|Any CPU
		{1AA631D0-2B1A-4DD1-95FB-C059312BA50D}.Release|Any CPU.ActiveCfg = Release|Any CPU
		{1AA631D0-2B1A-4DD1-95FB-C059312BA50D}.Release|Any CPU.Build.0 = Release|Any CPU
	EndGlobalSection
	GlobalSection(SolutionProperties) = preSolution
		HideSolutionNode = FALSE
	EndGlobalSection
	GlobalSection(ExtensibilityGlobals) = postSolution
		SolutionGuid = {BCB72E00-BDF3-45A8-B045-820AE0AA9A98}
	EndGlobalSection
EndGlobal
